{
  "pins" : [
    {
      "identity" : "guard-ios",
      "kind" : "remoteSourceControl",
      "location" : "https://github.com/Authing/guard-ios",
      "state" : {
        "revision" : "4a7885d61ba547c47254123c908b70eeff639d1b",
        "version" : "1.4.10"
      }
    },
    {
      "identity" : "mapbox-common-ios",
      "kind" : "remoteSourceControl",
      "location" : "https://github.com/mapbox/mapbox-common-ios.git",
      "state" : {
        "revision" : "660cc68685c4ca551cc2815ab3607d54d906c8a7",
        "version" : "24.1.0-rc.1"
      }
    },
    {
      "identity" : "mapbox-core-maps-ios",
      "kind" : "remoteSourceControl",
      "location" : "https://github.com/mapbox/mapbox-core-maps-ios.git",
      "state" : {
        "revision" : "8b3d2e9bf0886995cd6c05f39f7a5ac4691d0fc9",
        "version" : "11.1.0-rc.1"
      }
    },
    {
      "identity" : "mapbox-maps-ios",
      "kind" : "remoteSourceControl",
      "location" : "https://github.com/mapbox/mapbox-maps-ios.git",
      "state" : {
        "branch" : "main",
        "revision" : "71e6dbedfa254c30d41745b58870396351869f3b"
      }
    },
    {
      "identity" : "turf-swift",
      "kind" : "remoteSourceControl",
      "location" : "https://github.com/mapbox/turf-swift.git",
      "state" : {
        "revision" : "f0afe204b4266337066a436becab62fdd2b32378",
        "version" : "2.7.0"
      }
    }
  ],
  "version" : 2
}
